
Microsoft Visual Studio Solution File, Format Version 12.00
# Visual Studio 15
Project("{FAE04EC0-301F-11D3-BF4B-00C04F79EFBC}") = "Assembly-CSharp", "Assembly-CSharp.csproj", "{8AA283A8-9326-6F1A-009C-C999A771F133}"
EndProject
Project("{FAE04EC0-301F-11D3-BF4B-00C04F79EFBC}") = "Assembly-CSharp-firstpass", "Assembly-CSharp-firstpass.csproj", "{A11800F8-12B6-1372-7010-B06D6120A447}"
EndProject
Project("{FAE04EC0-301F-11D3-BF4B-00C04F79EFBC}") = "SimpleFileBrowser.Runtime", "SimpleFileBrowser.Runtime.csproj", "{84A30E40-2559-43BF-BFC3-FCEFCAA40E65}"
EndProject
Project("{FAE04EC0-301F-11D3-BF4B-00C04F79EFBC}") = "Assembly-CSharp-Editor-firstpass", "Assembly-CSharp-Editor-firstpass.csproj", "{D09DD91E-ABB6-43D3-F55B-5A878183077D}"
EndProject
Project("{FAE04EC0-301F-11D3-BF4B-00C04F79EFBC}") = "Assembly-CSharp-Editor", "Assembly-CSharp-Editor.csproj", "{7EC96CDD-D98E-7E6D-138E-CF8BA6CDD81D}"
EndProject
Global
	GlobalSection(SolutionConfigurationPlatforms) = preSolution
		Debug|Any CPU = Debug|Any CPU
		Release|Any CPU = Release|Any CPU
	EndGlobalSection
	GlobalSection(ProjectConfigurationPlatforms) = postSolution
		{8AA283A8-9326-6F1A-009C-C999A771F133}.Debug|Any CPU.ActiveCfg = Debug|Any CPU
		{8AA283A8-9326-6F1A-009C-C999A771F133}.Debug|Any CPU.Build.0 = Debug|Any CPU
		{8AA283A8-9326-6F1A-009C-C999A771F133}.Release|Any CPU.ActiveCfg = Release|Any CPU
		{8AA283A8-9326-6F1A-009C-C999A771F133}.Release|Any CPU.Build.0 = Release|Any CPU
		{A11800F8-12B6-1372-7010-B06D6120A447}.Debug|Any CPU.ActiveCfg = Debug|Any CPU
		{A11800F8-12B6-1372-7010-B06D6120A447}.Debug|Any CPU.Build.0 = Debug|Any CPU
		{A11800F8-12B6-1372-7010-B06D6120A447}.Release|Any CPU.ActiveCfg = Release|Any CPU
		{A11800F8-12B6-1372-7010-B06D6120A447}.Release|Any CPU.Build.0 = Release|Any CPU
		{84A30E40-2559-43BF-BFC3-FCEFCAA40E65}.Debug|Any CPU.ActiveCfg = Debug|Any CPU
		{84A30E40-2559-43BF-BFC3-FCEFCAA40E65}.Debug|Any CPU.Build.0 = Debug|Any CPU
		{84A30E40-2559-43BF-BFC3-FCEFCAA40E65}.Release|Any CPU.ActiveCfg = Release|Any CPU
		{84A30E40-2559-43BF-BFC3-FCEFCAA40E65}.Release|Any CPU.Build.0 = Release|Any CPU
		{D09DD91E-ABB6-43D3-F55B-5A878183077D}.Debug|Any CPU.ActiveCfg = Debug|Any CPU
		{D09DD91E-ABB6-43D3-F55B-5A878183077D}.Debug|Any CPU.Build.0 = Debug|Any CPU
		{D09DD91E-ABB6-43D3-F55B-5A878183077D}.Release|Any CPU.ActiveCfg = Release|Any CPU
		{D09DD91E-ABB6-43D3-F55B-5A878183077D}.Release|Any CPU.Build.0 = Release|Any CPU
		{7EC96CDD-D98E-7E6D-138E-CF8BA6CDD81D}.Debug|Any CPU.ActiveCfg = Debug|Any CPU
		{7EC96CDD-D98E-7E6D-138E-CF8BA6CDD81D}.Debug|Any CPU.Build.0 = Debug|Any CPU
		{7EC96CDD-D98E-7E6D-138E-CF8BA6CDD81D}.Release|Any CPU.ActiveCfg = Release|Any CPU
		{7EC96CDD-D98E-7E6D-138E-CF8BA6CDD81D}.Release|Any CPU.Build.0 = Release|Any CPU
	EndGlobalSection
	GlobalSection(SolutionProperties) = preSolution
		HideSolutionNode = FALSE
	EndGlobalSection
EndGlobal
